PODS:
  - SDWebImage (4.0.0):
    - SDWebImage/Core (= 4.0.0)
  - SDWebImage/Core (4.0.0)
  - SocketRocket (0.5.1)
  - WeexSDK (0.13.0):
    - SocketRocket

DEPENDENCIES:
  - SDWebImage (= 4.0.0)
  - WeexSDK (= 0.13)

SPEC CHECKSUMS:
  SDWebImage: 76a6348bdc74eb5a55dd08a091ef298e56b55e41
  SocketRocket: d57c7159b83c3c6655745cd15302aa24b6bae531
  WeexSDK: 4651f0314ea6d77d771d587a3fcb38cdab9750f5

PODFILE CHECKSUM: dbeaaf4196d663fa2f3619aaed6ef5c8a9e3117b

COCOAPODS: 1.2.0
